
Microsoft Visual Studio Solution File, Format Version 12.00
# Visual Studio Version 17
VisualStudioVersion = 17.13.35919.96 d17.13
MinimumVisualStudioVersion = 10.0.40219.1
Project("{FAE04EC0-301F-11D3-BF4B-00C04F79EFBC}") = "Platega.SDK", "Platega.SDK.csproj", "{D06B9334-E3B3-7BCD-D388-5E913528D55B}"
EndProject
Global
	GlobalSection(SolutionConfigurationPlatforms) = preSolution
		Debug|Any CPU = Debug|Any CPU
		Release|Any CPU = Release|Any CPU
	EndGlobalSection
	GlobalSection(ProjectConfigurationPlatforms) = postSolution
		{D06B9334-E3B3-7BCD-D388-5E913528D55B}.Debug|Any CPU.ActiveCfg = Debug|Any CPU
		{D06B9334-E3B3-7BCD-D388-5E913528D55B}.Debug|Any CPU.Build.0 = Debug|Any CPU
		{D06B9334-E3B3-7BCD-D388-5E913528D55B}.Release|Any CPU.ActiveCfg = Release|Any CPU
		{D06B9334-E3B3-7BCD-D388-5E913528D55B}.Release|Any CPU.Build.0 = Release|Any CPU
	EndGlobalSection
	GlobalSection(SolutionProperties) = preSolution
		HideSolutionNode = FALSE
	EndGlobalSection
	GlobalSection(ExtensibilityGlobals) = postSolution
		SolutionGuid = {BADB1399-C8B7-4A9C-8BB4-401FC26B235C}
	EndGlobalSection
EndGlobal
